
Microsoft Visual Studio Solution File, Format Version 12.00
# Visual Studio Version 17
VisualStudioVersion = 17.5.33414.496
MinimumVisualStudioVersion = 10.0.40219.1
Project("{9A19103F-16F7-4668-BE54-9A1E7A4F7556}") = "ServiceTool", "ServiceTool.csproj", "{05458C53-3DC9-4779-A5FE-950DAF760EB6}"
EndProject
Global
	GlobalSection(SolutionConfigurationPlatforms) = preSolution
		Debug|Any CPU = Debug|Any CPU
		Release|Any CPU = Release|Any CPU
	EndGlobalSection
	GlobalSection(ProjectConfigurationPlatforms) = postSolution
		{05458C53-3DC9-4779-A5FE-950DAF760EB6}.Debug|Any CPU.ActiveCfg = Debug|Any CPU
		{05458C53-3DC9-4779-A5FE-950DAF760EB6}.Debug|Any CPU.Build.0 = Debug|Any CPU
		{05458C53-3DC9-4779-A5FE-950DAF760EB6}.Release|Any CPU.ActiveCfg = Release|Any CPU
		{05458C53-3DC9-4779-A5FE-950DAF760EB6}.Release|Any CPU.Build.0 = Release|Any CPU
	EndGlobalSection
	GlobalSection(SolutionProperties) = preSolution
		HideSolutionNode = FALSE
	EndGlobalSection
	GlobalSection(ExtensibilityGlobals) = postSolution
		SolutionGuid = {BE53B99B-7616-4856-9176-2BFEF38E86D9}
	EndGlobalSection
EndGlobal
